// !$*UTF8*$!
{
	archiveVersion = 1;
	classes = {
	};
	objectVersion = 55;
	objects = {

/* Begin PBXBuildFile section */
		A837D6D729EFC9BB00E89CF7 /* AirPlayButton.swift in Sources */ = {isa = PBXBuildFile; fileRef = A837D6D629EFC9BB00E89CF7 /* AirPlayButton.swift */; };
		A8AFDA4F28A6B75B00652363 /* MusicPlayerView.swift in Sources */ = {isa = PBXBuildFile; fileRef = A8AFDA4E28A6B75B00652363 /* MusicPlayerView.swift */; };
		A8AFDA5128A6B8E700652363 /* MusicPlayerViewModel.swift in Sources */ = {isa = PBXBuildFile; fileRef = A8AFDA5028A6B8E700652363 /* MusicPlayerViewModel.swift */; };
		A8E005AF28A6B64E001D30AD /* SwiftUIMusicPlayerApp.swift in Sources */ = {isa = PBXBuildFile; fileRef = A8E005AE28A6B64E001D30AD /* SwiftUIMusicPlayerApp.swift */; };
		A8E005B128A6B64E001D30AD /* ContentView.swift in Sources */ = {isa = PBXBuildFile; fileRef = A8E005B028A6B64E001D30AD /* ContentView.swift */; };
		A8E005B328A6B64E001D30AD /* Assets.xcassets in Resources */ = {isa = PBXBuildFile; fileRef = A8E005B228A6B64E001D30AD /* Assets.xcassets */; };
		A8E005B628A6B64E001D30AD /* Preview Assets.xcassets in Resources */ = {isa = PBXBuildFile; fileRef = A8E005B528A6B64E001D30AD /* Preview Assets.xcassets */; };
		A8E005C028A6B6F7001D30AD /* tagmp3_sample1.mp3 in Resources */ = {isa = PBXBuildFile; fileRef = A8E005BC28A6B6F6001D30AD /* tagmp3_sample1.mp3 */; };
		A8E005C128A6B6F7001D30AD /* tagmp3_sample3.mp3 in Resources */ = {isa = PBXBuildFile; fileRef = A8E005BD28A6B6F6001D30AD /* tagmp3_sample3.mp3 */; };
		A8E005C228A6B6F7001D30AD /* tagmp3_sample4.mp3 in Resources */ = {isa = PBXBuildFile; fileRef = A8E005BE28A6B6F7001D30AD /* tagmp3_sample4.mp3 */; };
		A8E005C328A6B6F7001D30AD /* tagmp3_sample2.mp3 in Resources */ = {isa = PBXBuildFile; fileRef = A8E005BF28A6B6F7001D30AD /* tagmp3_sample2.mp3 */; };
		A8F7FED92975C1C4006600C9 /* HideVolumeIndicator.swift in Sources */ = {isa = PBXBuildFile; fileRef = A8F7FED82975C1C4006600C9 /* HideVolumeIndicator.swift */; };
/* End PBXBuildFile section */

/* Begin PBXFileReference section */
		A837D6D629EFC9BB00E89CF7 /* AirPlayButton.swift */ = {isa = PBXFileReference; lastKnownFileType = sourcecode.swift; path = AirPlayButton.swift; sourceTree = "<group>"; };
		A853D02128A6E1730038D35B /* Info.plist */ = {isa = PBXFileReference; lastKnownFileType = text.plist; path = Info.plist; sourceTree = "<group>"; };
		A89651952AD01536008D6046 /* .swiftlint.yml */ = {isa = PBXFileReference; fileEncoding = 4; lastKnownFileType = text.yaml; path = .swiftlint.yml; sourceTree = "<group>"; };
		A8AFDA4E28A6B75B00652363 /* MusicPlayerView.swift */ = {isa = PBXFileReference; lastKnownFileType = sourcecode.swift; path = MusicPlayerView.swift; sourceTree = "<group>"; };
		A8AFDA5028A6B8E700652363 /* MusicPlayerViewModel.swift */ = {isa = PBXFileReference; lastKnownFileType = sourcecode.swift; path = MusicPlayerViewModel.swift; sourceTree = "<group>"; };
		A8CEA7742AEBE99800F47014 /* .gitignore */ = {isa = PBXFileReference; lastKnownFileType = text; path = .gitignore; sourceTree = "<group>"; };
		A8E005AB28A6B64E001D30AD /* SwiftUIMusicPlayer.app */ = {isa = PBXFileReference; explicitFileType = wrapper.application; includeInIndex = 0; path = SwiftUIMusicPlayer.app; sourceTree = BUILT_PRODUCTS_DIR; };
		A8E005AE28A6B64E001D30AD /* SwiftUIMusicPlayerApp.swift */ = {isa = PBXFileReference; lastKnownFileType = sourcecode.swift; path = SwiftUIMusicPlayerApp.swift; sourceTree = "<group>"; };
		A8E005B028A6B64E001D30AD /* ContentView.swift */ = {isa = PBXFileReference; lastKnownFileType = sourcecode.swift; path = ContentView.swift; sourceTree = "<group>"; };
		A8E005B228A6B64E001D30AD /* Assets.xcassets */ = {isa = PBXFileReference; lastKnownFileType = folder.assetcatalog; path = Assets.xcassets; sourceTree = "<group>"; };
		A8E005B528A6B64E001D30AD /* Preview Assets.xcassets */ = {isa = PBXFileReference; lastKnownFileType = folder.assetcatalog; path = "Preview Assets.xcassets"; sourceTree = "<group>"; };
		A8E005BC28A6B6F6001D30AD /* tagmp3_sample1.mp3 */ = {isa = PBXFileReference; lastKnownFileType = audio.mp3; path = tagmp3_sample1.mp3; sourceTree = "<group>"; };
		A8E005BD28A6B6F6001D30AD /* tagmp3_sample3.mp3 */ = {isa = PBXFileReference; lastKnownFileType = audio.mp3; path = tagmp3_sample3.mp3; sourceTree = "<group>"; };
		A8E005BE28A6B6F7001D30AD /* tagmp3_sample4.mp3 */ = {isa = PBXFileReference; lastKnownFileType = audio.mp3; path = tagmp3_sample4.mp3; sourceTree = "<group>"; };
		A8E005BF28A6B6F7001D30AD /* tagmp3_sample2.mp3 */ = {isa = PBXFileReference; lastKnownFileType = audio.mp3; path = tagmp3_sample2.mp3; sourceTree = "<group>"; };
		A8F7FED82975C1C4006600C9 /* HideVolumeIndicator.swift */ = {isa = PBXFileReference; lastKnownFileType = sourcecode.swift; path = HideVolumeIndicator.swift; sourceTree = "<group>"; };
		A8F8B78D2AE979E10045B345 /* README.md */ = {isa = PBXFileReference; fileEncoding = 4; lastKnownFileType = net.daringfireball.markdown; path = README.md; sourceTree = "<group>"; };
		A8F8B78E2AE979E10045B345 /* LICENSE */ = {isa = PBXFileReference; fileEncoding = 4; lastKnownFileType = text; path = LICENSE; sourceTree = "<group>"; };
/* End PBXFileReference section */

/* Begin PBXFrameworksBuildPhase section */
		A8E005A828A6B64E001D30AD /* Frameworks */ = {
			isa = PBXFrameworksBuildPhase;
			buildActionMask = 2147483647;
			files = (
			);
			runOnlyForDeploymentPostprocessing = 0;
		};
/* End PBXFrameworksBuildPhase section */

/* Begin PBXGroup section */
		A8E005A228A6B64E001D30AD = {
			isa = PBXGroup;
			children = (
				A8CEA7742AEBE99800F47014 /* .gitignore */,
				A8F8B78E2AE979E10045B345 /* LICENSE */,
				A8F8B78D2AE979E10045B345 /* README.md */,
				A89651952AD01536008D6046 /* .swiftlint.yml */,
				A8E005AD28A6B64E001D30AD /* SwiftUIMusicPlayer */,
				A8E005AC28A6B64E001D30AD /* Products */,
			);
			sourceTree = "<group>";
		};
		A8E005AC28A6B64E001D30AD /* Products */ = {
			isa = PBXGroup;
			children = (
				A8E005AB28A6B64E001D30AD /* SwiftUIMusicPlayer.app */,
			);
			name = Products;
			sourceTree = "<group>";
		};
		A8E005AD28A6B64E001D30AD /* SwiftUIMusicPlayer */ = {
			isa = PBXGroup;
			children = (
				A853D02128A6E1730038D35B /* Info.plist */,
				A8E005AE28A6B64E001D30AD /* SwiftUIMusicPlayerApp.swift */,
				A8E005B028A6B64E001D30AD /* ContentView.swift */,
				A8E005B228A6B64E001D30AD /* Assets.xcassets */,
				A8E005B428A6B64E001D30AD /* Preview Content */,
				A8AFDA4E28A6B75B00652363 /* MusicPlayerView.swift */,
				A8AFDA5028A6B8E700652363 /* MusicPlayerViewModel.swift */,
				A8E005BC28A6B6F6001D30AD /* tagmp3_sample1.mp3 */,
				A8E005BF28A6B6F7001D30AD /* tagmp3_sample2.mp3 */,
				A8E005BD28A6B6F6001D30AD /* tagmp3_sample3.mp3 */,
				A8E005BE28A6B6F7001D30AD /* tagmp3_sample4.mp3 */,
				A8F7FED82975C1C4006600C9 /* HideVolumeIndicator.swift */,
				A837D6D629EFC9BB00E89CF7 /* AirPlayButton.swift */,
			);
			path = SwiftUIMusicPlayer;
			sourceTree = "<group>";
		};
		A8E005B428A6B64E001D30AD /* Preview Content */ = {
			isa = PBXGroup;
			children = (
				A8E005B528A6B64E001D30AD /* Preview Assets.xcassets */,
			);
			path = "Preview Content";
			sourceTree = "<group>";
		};
/* End PBXGroup section */

/* Begin PBXNativeTarget section */
		A8E005AA28A6B64E001D30AD /* SwiftUIMusicPlayer */ = {
			isa = PBXNativeTarget;
			buildConfigurationList = A8E005B928A6B64E001D30AD /* Build configuration list for PBXNativeTarget "SwiftUIMusicPlayer" */;
			buildPhases = (
				A8E005A728A6B64E001D30AD /* Sources */,
				A8E005A828A6B64E001D30AD /* Frameworks */,
				A8E005A928A6B64E001D30AD /* Resources */,
			);
			buildRules = (
			);
			dependencies = (
				A8F8B78C2AE9771F0045B345 /* PBXTargetDependency */,
			);
			name = SwiftUIMusicPlayer;
			packageProductDependencies = (
			);
			productName = SwiftUIMusicPlayer;
			productReference = A8E005AB28A6B64E001D30AD /* SwiftUIMusicPlayer.app */;
			productType = "com.apple.product-type.application";
		};
/* End PBXNativeTarget section */

/* Begin PBXProject section */
		A8E005A328A6B64E001D30AD /* Project object */ = {
			isa = PBXProject;
			attributes = {
				BuildIndependentTargetsInParallel = 1;
				LastSwiftUpdateCheck = 1340;
				LastUpgradeCheck = 1500;
				TargetAttributes = {
					A8E005AA28A6B64E001D30AD = {
						CreatedOnToolsVersion = 13.4.1;
					};
				};
			};
			buildConfigurationList = A8E005A628A6B64E001D30AD /* Build configuration list for PBXProject "SwiftUIMusicPlayer" */;
			compatibilityVersion = "Xcode 13.0";
			developmentRegion = en;
			hasScannedForEncodings = 0;
			knownRegions = (
				en,
				Base,
			);
			mainGroup = A8E005A228A6B64E001D30AD;
			packageReferences = (
				A8F8B78A2AE977140045B345 /* XCRemoteSwiftPackageReference "SwiftLint" */,
			);
			productRefGroup = A8E005AC28A6B64E001D30AD /* Products */;
			projectDirPath = "";
			projectRoot = "";
			targets = (
				A8E005AA28A6B64E001D30AD /* SwiftUIMusicPlayer */,
			);
		};
/* End PBXProject section */

/* Begin PBXResourcesBuildPhase section */
		A8E005A928A6B64E001D30AD /* Resources */ = {
			isa = PBXResourcesBuildPhase;
			buildActionMask = 2147483647;
			files = (
				A8E005C128A6B6F7001D30AD /* tagmp3_sample3.mp3 in Resources */,
				A8E005C028A6B6F7001D30AD /* tagmp3_sample1.mp3 in Resources */,
				A8E005B628A6B64E001D30AD /* Preview Assets.xcassets in Resources */,
				A8E005B328A6B64E001D30AD /* Assets.xcassets in Resources */,
				A8E005C228A6B6F7001D30AD /* tagmp3_sample4.mp3 in Resources */,
				A8E005C328A6B6F7001D30AD /* tagmp3_sample2.mp3 in Resources */,
			);
			runOnlyForDeploymentPostprocessing = 0;
		};
/* End PBXResourcesBuildPhase section */

/* Begin PBXSourcesBuildPhase section */
		A8E005A728A6B64E001D30AD /* Sources */ = {
			isa = PBXSourcesBuildPhase;
			buildActionMask = 2147483647;
			files = (
				A837D6D729EFC9BB00E89CF7 /* AirPlayButton.swift in Sources */,
				A8AFDA4F28A6B75B00652363 /* MusicPlayerView.swift in Sources */,
				A8E005B128A6B64E001D30AD /* ContentView.swift in Sources */,
				A8F7FED92975C1C4006600C9 /* HideVolumeIndicator.swift in Sources */,
				A8E005AF28A6B64E001D30AD /* SwiftUIMusicPlayerApp.swift in Sources */,
				A8AFDA5128A6B8E700652363 /* MusicPlayerViewModel.swift in Sources */,
			);
			runOnlyForDeploymentPostprocessing = 0;
		};
/* End PBXSourcesBuildPhase section */

/* Begin PBXTargetDependency section */
		A8F8B78C2AE9771F0045B345 /* PBXTargetDependency */ = {
			isa = PBXTargetDependency;
			productRef = A8F8B78B2AE9771F0045B345 /* SwiftLintPlugin */;
		};
/* End PBXTargetDependency section */

/* Begin XCBuildConfiguration section */
		A8E005B728A6B64E001D30AD /* Debug */ = {
			isa = XCBuildConfiguration;
			buildSettings = {
				ALWAYS_SEARCH_USER_PATHS = NO;
				ASSETCATALOG_COMPILER_GENERATE_SWIFT_ASSET_SYMBOL_EXTENSIONS = YES;
				CLANG_ANALYZER_NONNULL = YES;
				CLANG_ANALYZER_NUMBER_OBJECT_CONVERSION = YES_AGGRESSIVE;
				CLANG_CXX_LANGUAGE_STANDARD = "gnu++17";
				CLANG_ENABLE_MODULES = YES;
				CLANG_ENABLE_OBJC_ARC = YES;
				CLANG_ENABLE_OBJC_WEAK = YES;
				CLANG_WARN_BLOCK_CAPTURE_AUTORELEASING = YES;
				CLANG_WARN_BOOL_CONVERSION = YES;
				CLANG_WARN_COMMA = YES;
				CLANG_WARN_CONSTANT_CONVERSION = YES;
				CLANG_WARN_DEPRECATED_OBJC_IMPLEMENTATIONS = YES;
				CLANG_WARN_DIRECT_OBJC_ISA_USAGE = YES_ERROR;
				CLANG_WARN_DOCUMENTATION_COMMENTS = YES;
				CLANG_WARN_EMPTY_BODY = YES;
				CLANG_WARN_ENUM_CONVERSION = YES;
				CLANG_WARN_INFINITE_RECURSION = YES;
				CLANG_WARN_INT_CONVERSION = YES;
				CLANG_WARN_NON_LITERAL_NULL_CONVERSION = YES;
				CLANG_WARN_OBJC_IMPLICIT_RETAIN_SELF = YES;
				CLANG_WARN_OBJC_LITERAL_CONVERSION = YES;
				CLANG_WARN_OBJC_ROOT_CLASS = YES_ERROR;
				CLANG_WARN_QUOTED_INCLUDE_IN_FRAMEWORK_HEADER = YES;
				CLANG_WARN_RANGE_LOOP_ANALYSIS = YES;
				CLANG_WARN_STRICT_PROTOTYPES = YES;
				CLANG_WARN_SUSPICIOUS_MOVE = YES;
				CLANG_WARN_UNGUARDED_AVAILABILITY = YES_AGGRESSIVE;
				CLANG_WARN_UNREACHABLE_CODE = YES;
				CLANG_WARN__DUPLICATE_METHOD_MATCH = YES;
				COPY_PHASE_STRIP = NO;
				DEBUG_INFORMATION_FORMAT = dwarf;
				ENABLE_STRICT_OBJC_MSGSEND = YES;
				ENABLE_TESTABILITY = YES;
				ENABLE_USER_SCRIPT_SANDBOXING = YES;
				GCC_C_LANGUAGE_STANDARD = gnu11;
				GCC_DYNAMIC_NO_PIC = NO;
				GCC_NO_COMMON_BLOCKS = YES;
				GCC_OPTIMIZATION_LEVEL = 0;
				GCC_PREPROCESSOR_DEFINITIONS = (
					"DEBUG=1",
					"$(inherited)",
				);
				GCC_WARN_64_TO_32_BIT_CONVERSION = YES;
				GCC_WARN_ABOUT_RETURN_TYPE = YES_ERROR;
				GCC_WARN_UNDECLARED_SELECTOR = YES;
				GCC_WARN_UNINITIALIZED_AUTOS = YES_AGGRESSIVE;
				GCC_WARN_UNUSED_FUNCTION = YES;
				GCC_WARN_UNUSED_VARIABLE = YES;
				IPHONEOS_DEPLOYMENT_TARGET = 14.0;
				MTL_ENABLE_DEBUG_INFO = INCLUDE_SOURCE;
				MTL_FAST_MATH = YES;
				ONLY_ACTIVE_ARCH = YES;
				SDKROOT = iphoneos;
				SWIFT_ACTIVE_COMPILATION_CONDITIONS = DEBUG;
				SWIFT_OPTIMIZATION_LEVEL = "-Onone";
			};
			name = Debug;
		};
		A8E005B828A6B64E001D30AD /* Release */ = {
			isa = XCBuildConfiguration;
			buildSettings = {
				ALWAYS_SEARCH_USER_PATHS = NO;
				ASSETCATALOG_COMPILER_GENERATE_SWIFT_ASSET_SYMBOL_EXTENSIONS = YES;
				CLANG_ANALYZER_NONNULL = YES;
				CLANG_ANALYZER_NUMBER_OBJECT_CONVERSION = YES_AGGRESSIVE;
				CLANG_CXX_LANGUAGE_STANDARD = "gnu++17";
				CLANG_ENABLE_MODULES = YES;
				CLANG_ENABLE_OBJC_ARC = YES;
				CLANG_ENABLE_OBJC_WEAK = YES;
				CLANG_WARN_BLOCK_CAPTURE_AUTORELEASING = YES;
				CLANG_WARN_BOOL_CONVERSION = YES;
				CLANG_WARN_COMMA = YES;
				CLANG_WARN_CONSTANT_CONVERSION = YES;
				CLANG_WARN_DEPRECATED_OBJC_IMPLEMENTATIONS = YES;
				CLANG_WARN_DIRECT_OBJC_ISA_USAGE = YES_ERROR;
				CLANG_WARN_DOCUMENTATION_COMMENTS = YES;
				CLANG_WARN_EMPTY_BODY = YES;
				CLANG_WARN_ENUM_CONVERSION = YES;
				CLANG_WARN_INFINITE_RECURSION = YES;
				CLANG_WARN_INT_CONVERSION = YES;
				CLANG_WARN_NON_LITERAL_NULL_CONVERSION = YES;
				CLANG_WARN_OBJC_IMPLICIT_RETAIN_SELF = YES;
				CLANG_WARN_OBJC_LITERAL_CONVERSION = YES;
				CLANG_WARN_OBJC_ROOT_CLASS = YES_ERROR;
				CLANG_WARN_QUOTED_INCLUDE_IN_FRAMEWORK_HEADER = YES;
				CLANG_WARN_RANGE_LOOP_ANALYSIS = YES;
				CLANG_WARN_STRICT_PROTOTYPES = YES;
				CLANG_WARN_SUSPICIOUS_MOVE = YES;
				CLANG_WARN_UNGUARDED_AVAILABILITY = YES_AGGRESSIVE;
				CLANG_WARN_UNREACHABLE_CODE = YES;
				CLANG_WARN__DUPLICATE_METHOD_MATCH = YES;
				COPY_PHASE_STRIP = NO;
				DEBUG_INFORMATION_FORMAT = "dwarf-with-dsym";
				ENABLE_NS_ASSERTIONS = NO;
				ENABLE_STRICT_OBJC_MSGSEND = YES;
				ENABLE_USER_SCRIPT_SANDBOXING = YES;
				GCC_C_LANGUAGE_STANDARD = gnu11;
				GCC_NO_COMMON_BLOCKS = YES;
				GCC_WARN_64_TO_32_BIT_CONVERSION = YES;
				GCC_WARN_ABOUT_RETURN_TYPE = YES_ERROR;
				GCC_WARN_UNDECLARED_SELECTOR = YES;
				GCC_WARN_UNINITIALIZED_AUTOS = YES_AGGRESSIVE;
				GCC_WARN_UNUSED_FUNCTION = YES;
				GCC_WARN_UNUSED_VARIABLE = YES;
				IPHONEOS_DEPLOYMENT_TARGET = 14.0;
				MTL_ENABLE_DEBUG_INFO = NO;
				MTL_FAST_MATH = YES;
				SDKROOT = iphoneos;
				SWIFT_COMPILATION_MODE = wholemodule;
				SWIFT_OPTIMIZATION_LEVEL = "-O";
				VALIDATE_PRODUCT = YES;
			};
			name = Release;
		};
		A8E005BA28A6B64E001D30AD /* Debug */ = {
			isa = XCBuildConfiguration;
			buildSettings = {
				ASSETCATALOG_COMPILER_APPICON_NAME = AppIcon;
				ASSETCATALOG_COMPILER_GLOBAL_ACCENT_COLOR_NAME = AccentColor;
				CODE_SIGN_STYLE = Automatic;
				CURRENT_PROJECT_VERSION = 1;
				DEVELOPMENT_ASSET_PATHS = "\"SwiftUIMusicPlayer/Preview Content\"";
				DEVELOPMENT_TEAM = LA5247PXS2;
				ENABLE_PREVIEWS = YES;
				GENERATE_INFOPLIST_FILE = YES;
				INFOPLIST_FILE = SwiftUIMusicPlayer/Info.plist;
				INFOPLIST_KEY_UIApplicationSceneManifest_Generation = YES;
				INFOPLIST_KEY_UIApplicationSupportsIndirectInputEvents = YES;
				INFOPLIST_KEY_UILaunchScreen_Generation = YES;
				INFOPLIST_KEY_UISupportedInterfaceOrientations_iPad = "UIInterfaceOrientationPortrait UIInterfaceOrientationPortraitUpsideDown UIInterfaceOrientationLandscapeLeft UIInterfaceOrientationLandscapeRight";
				INFOPLIST_KEY_UISupportedInterfaceOrientations_iPhone = "UIInterfaceOrientationPortrait UIInterfaceOrientationLandscapeLeft UIInterfaceOrientationLandscapeRight";
				IPHONEOS_DEPLOYMENT_TARGET = 14.0;
				LD_RUNPATH_SEARCH_PATHS = (
					"$(inherited)",
					"@executable_path/Frameworks",
				);
				MARKETING_VERSION = 1.0;
				PRODUCT_BUNDLE_IDENTIFIER = me.curia.SwiftUIMusicPlayer;
				PRODUCT_NAME = "$(TARGET_NAME)";
				SWIFT_EMIT_LOC_STRINGS = YES;
				SWIFT_VERSION = 5.0;
				TARGETED_DEVICE_FAMILY = "1,2";
			};
			name = Debug;
		};
		A8E005BB28A6B64E001D30AD /* Release */ = {
			isa = XCBuildConfiguration;
			buildSettings = {
				ASSETCATALOG_COMPILER_APPICON_NAME = AppIcon;
				ASSETCATALOG_COMPILER_GLOBAL_ACCENT_COLOR_NAME = AccentColor;
				CODE_SIGN_STYLE = Automatic;
				CURRENT_PROJECT_VERSION = 1;
				DEVELOPMENT_ASSET_PATHS = "\"SwiftUIMusicPlayer/Preview Content\"";
				DEVELOPMENT_TEAM = LA5247PXS2;
				ENABLE_PREVIEWS = YES;
				GENERATE_INFOPLIST_FILE = YES;
				INFOPLIST_FILE = SwiftUIMusicPlayer/Info.plist;
				INFOPLIST_KEY_UIApplicationSceneManifest_Generation = YES;
				INFOPLIST_KEY_UIApplicationSupportsIndirectInputEvents = YES;
				INFOPLIST_KEY_UILaunchScreen_Generation = YES;
				INFOPLIST_KEY_UISupportedInterfaceOrientations_iPad = "UIInterfaceOrientationPortrait UIInterfaceOrientationPortraitUpsideDown UIInterfaceOrientationLandscapeLeft UIInterfaceOrientationLandscapeRight";
				INFOPLIST_KEY_UISupportedInterfaceOrientations_iPhone = "UIInterfaceOrientationPortrait UIInterfaceOrientationLandscapeLeft UIInterfaceOrientationLandscapeRight";
				IPHONEOS_DEPLOYMENT_TARGET = 14.0;
				LD_RUNPATH_SEARCH_PATHS = (
					"$(inherited)",
					"@executable_path/Frameworks",
				);
				MARKETING_VERSION = 1.0;
				PRODUCT_BUNDLE_IDENTIFIER = me.curia.SwiftUIMusicPlayer;
				PRODUCT_NAME = "$(TARGET_NAME)";
				SWIFT_EMIT_LOC_STRINGS = YES;
				SWIFT_VERSION = 5.0;
				TARGETED_DEVICE_FAMILY = "1,2";
			};
			name = Release;
		};
/* End XCBuildConfiguration section */

/* Begin XCConfigurationList section */
		A8E005A628A6B64E001D30AD /* Build configuration list for PBXProject "SwiftUIMusicPlayer" */ = {
			isa = XCConfigurationList;
			buildConfigurations = (
				A8E005B728A6B64E001D30AD /* Debug */,
				A8E005B828A6B64E001D30AD /* Release */,
			);
			defaultConfigurationIsVisible = 0;
			defaultConfigurationName = Release;
		};
		A8E005B928A6B64E001D30AD /* Build configuration list for PBXNativeTarget "SwiftUIMusicPlayer" */ = {
			isa = XCConfigurationList;
			buildConfigurations = (
				A8E005BA28A6B64E001D30AD /* Debug */,
				A8E005BB28A6B64E001D30AD /* Release */,
			);
			defaultConfigurationIsVisible = 0;
			defaultConfigurationName = Release;
		};
/* End XCConfigurationList section */

/* Begin XCRemoteSwiftPackageReference section */
		A8F8B78A2AE977140045B345 /* XCRemoteSwiftPackageReference "SwiftLint" */ = {
			isa = XCRemoteSwiftPackageReference;
			repositoryURL = "https://github.com/realm/SwiftLint";
			requirement = {
				kind = upToNextMajorVersion;
				minimumVersion = 0.53.0;
			};
		};
/* End XCRemoteSwiftPackageReference section */

/* Begin XCSwiftPackageProductDependency section */
		A8F8B78B2AE9771F0045B345 /* SwiftLintPlugin */ = {
			isa = XCSwiftPackageProductDependency;
			package = A8F8B78A2AE977140045B345 /* XCRemoteSwiftPackageReference "SwiftLint" */;
			productName = "plugin:SwiftLintPlugin";
		};
/* End XCSwiftPackageProductDependency section */
	};
	rootObject = A8E005A328A6B64E001D30AD /* Project object */;
}
