// !$*UTF8*$!
{
	archiveVersion = 1;
	classes = {
	};
	objectVersion = 77;
	objects = {

/* Begin PBXBuildFile section */
		A8E33D472CB6F1D4000B53C6 /* README.md in Resources */ = {isa = PBXBuildFile; fileRef = A8E33D462CB6F1D4000B53C6 /* README.md */; };
		A8E33D482CB6F1D4000B53C6 /* LICENSE in Resources */ = {isa = PBXBuildFile; fileRef = A8E33D452CB6F1D4000B53C6 /* LICENSE */; };
		A8E33D492CB6F1D4000B53C6 /* .gitignore in Resources */ = {isa = PBXBuildFile; fileRef = A8E33D432CB6F1D4000B53C6 /* .gitignore */; };
		A8E33D4A2CB6F1D4000B53C6 /* .swiftlint.yml in Resources */ = {isa = PBXBuildFile; fileRef = A8E33D442CB6F1D4000B53C6 /* .swiftlint.yml */; };
/* End PBXBuildFile section */

/* Begin PBXContainerItemProxy section */
		A86B82A42CB6F0D40079785A /* PBXContainerItemProxy */ = {
			isa = PBXContainerItemProxy;
			containerPortal = A86B828A2CB6F0D30079785A /* Project object */;
			proxyType = 1;
			remoteGlobalIDString = A86B82912CB6F0D30079785A;
			remoteInfo = SwiftUIMusicPlayer;
		};
		A86B82AE2CB6F0D40079785A /* PBXContainerItemProxy */ = {
			isa = PBXContainerItemProxy;
			containerPortal = A86B828A2CB6F0D30079785A /* Project object */;
			proxyType = 1;
			remoteGlobalIDString = A86B82912CB6F0D30079785A;
			remoteInfo = SwiftUIMusicPlayer;
		};
/* End PBXContainerItemProxy section */

/* Begin PBXFileReference section */
		A86B82922CB6F0D30079785A /* SwiftUIMusicPlayer.app */ = {isa = PBXFileReference; explicitFileType = wrapper.application; includeInIndex = 0; path = SwiftUIMusicPlayer.app; sourceTree = BUILT_PRODUCTS_DIR; };
		A86B82A32CB6F0D40079785A /* SwiftUIMusicPlayerTests.xctest */ = {isa = PBXFileReference; explicitFileType = wrapper.cfbundle; includeInIndex = 0; path = SwiftUIMusicPlayerTests.xctest; sourceTree = BUILT_PRODUCTS_DIR; };
		A86B82AD2CB6F0D40079785A /* SwiftUIMusicPlayerUITests.xctest */ = {isa = PBXFileReference; explicitFileType = wrapper.cfbundle; includeInIndex = 0; path = SwiftUIMusicPlayerUITests.xctest; sourceTree = BUILT_PRODUCTS_DIR; };
		A8E33D432CB6F1D4000B53C6 /* .gitignore */ = {isa = PBXFileReference; lastKnownFileType = text; path = .gitignore; sourceTree = "<group>"; };
		A8E33D442CB6F1D4000B53C6 /* .swiftlint.yml */ = {isa = PBXFileReference; lastKnownFileType = text.yaml; path = .swiftlint.yml; sourceTree = "<group>"; };
		A8E33D452CB6F1D4000B53C6 /* LICENSE */ = {isa = PBXFileReference; lastKnownFileType = text; path = LICENSE; sourceTree = "<group>"; };
		A8E33D462CB6F1D4000B53C6 /* README.md */ = {isa = PBXFileReference; lastKnownFileType = net.daringfireball.markdown; path = README.md; sourceTree = "<group>"; };
/* End PBXFileReference section */

/* Begin PBXFileSystemSynchronizedBuildFileExceptionSet section */
		A83681D52CB6FCC4009CC29B /* Exceptions for "SwiftUIMusicPlayer" folder in "SwiftUIMusicPlayer" target */ = {
			isa = PBXFileSystemSynchronizedBuildFileExceptionSet;
			membershipExceptions = (
				Info.plist,
			);
			target = A86B82912CB6F0D30079785A /* SwiftUIMusicPlayer */;
		};
/* End PBXFileSystemSynchronizedBuildFileExceptionSet section */

/* Begin PBXFileSystemSynchronizedRootGroup section */
		A86B82942CB6F0D30079785A /* SwiftUIMusicPlayer */ = {
			isa = PBXFileSystemSynchronizedRootGroup;
			exceptions = (
				A83681D52CB6FCC4009CC29B /* Exceptions for "SwiftUIMusicPlayer" folder in "SwiftUIMusicPlayer" target */,
			);
			path = SwiftUIMusicPlayer;
			sourceTree = "<group>";
		};
		A86B82A62CB6F0D40079785A /* SwiftUIMusicPlayerTests */ = {
			isa = PBXFileSystemSynchronizedRootGroup;
			path = SwiftUIMusicPlayerTests;
			sourceTree = "<group>";
		};
		A86B82B02CB6F0D40079785A /* SwiftUIMusicPlayerUITests */ = {
			isa = PBXFileSystemSynchronizedRootGroup;
			path = SwiftUIMusicPlayerUITests;
			sourceTree = "<group>";
		};
/* End PBXFileSystemSynchronizedRootGroup section */

/* Begin PBXFrameworksBuildPhase section */
		A86B828F2CB6F0D30079785A /* Frameworks */ = {
			isa = PBXFrameworksBuildPhase;
			buildActionMask = 2147483647;
			files = (
			);
			runOnlyForDeploymentPostprocessing = 0;
		};
		A86B82A02CB6F0D40079785A /* Frameworks */ = {
			isa = PBXFrameworksBuildPhase;
			buildActionMask = 2147483647;
			files = (
			);
			runOnlyForDeploymentPostprocessing = 0;
		};
		A86B82AA2CB6F0D40079785A /* Frameworks */ = {
			isa = PBXFrameworksBuildPhase;
			buildActionMask = 2147483647;
			files = (
			);
			runOnlyForDeploymentPostprocessing = 0;
		};
/* End PBXFrameworksBuildPhase section */

/* Begin PBXGroup section */
		A86B82892CB6F0D30079785A = {
			isa = PBXGroup;
			children = (
				A8E33D432CB6F1D4000B53C6 /* .gitignore */,
				A8E33D442CB6F1D4000B53C6 /* .swiftlint.yml */,
				A8E33D452CB6F1D4000B53C6 /* LICENSE */,
				A8E33D462CB6F1D4000B53C6 /* README.md */,
				A86B82942CB6F0D30079785A /* SwiftUIMusicPlayer */,
				A86B82A62CB6F0D40079785A /* SwiftUIMusicPlayerTests */,
				A86B82B02CB6F0D40079785A /* SwiftUIMusicPlayerUITests */,
				A86B82932CB6F0D30079785A /* Products */,
			);
			sourceTree = "<group>";
		};
		A86B82932CB6F0D30079785A /* Products */ = {
			isa = PBXGroup;
			children = (
				A86B82922CB6F0D30079785A /* SwiftUIMusicPlayer.app */,
				A86B82A32CB6F0D40079785A /* SwiftUIMusicPlayerTests.xctest */,
				A86B82AD2CB6F0D40079785A /* SwiftUIMusicPlayerUITests.xctest */,
			);
			name = Products;
			sourceTree = "<group>";
		};
/* End PBXGroup section */

/* Begin PBXNativeTarget section */
		A86B82912CB6F0D30079785A /* SwiftUIMusicPlayer */ = {
			isa = PBXNativeTarget;
			buildConfigurationList = A86B82B72CB6F0D40079785A /* Build configuration list for PBXNativeTarget "SwiftUIMusicPlayer" */;
			buildPhases = (
				A86B828E2CB6F0D30079785A /* Sources */,
				A86B828F2CB6F0D30079785A /* Frameworks */,
				A86B82902CB6F0D30079785A /* Resources */,
			);
			buildRules = (
			);
			dependencies = (
				A85BDE762CB6F482004E58CD /* PBXTargetDependency */,
			);
			fileSystemSynchronizedGroups = (
				A86B82942CB6F0D30079785A /* SwiftUIMusicPlayer */,
			);
			name = SwiftUIMusicPlayer;
			packageProductDependencies = (
			);
			productName = SwiftUIMusicPlayer;
			productReference = A86B82922CB6F0D30079785A /* SwiftUIMusicPlayer.app */;
			productType = "com.apple.product-type.application";
		};
		A86B82A22CB6F0D40079785A /* SwiftUIMusicPlayerTests */ = {
			isa = PBXNativeTarget;
			buildConfigurationList = A86B82BA2CB6F0D40079785A /* Build configuration list for PBXNativeTarget "SwiftUIMusicPlayerTests" */;
			buildPhases = (
				A86B829F2CB6F0D40079785A /* Sources */,
				A86B82A02CB6F0D40079785A /* Frameworks */,
				A86B82A12CB6F0D40079785A /* Resources */,
			);
			buildRules = (
			);
			dependencies = (
				A86B82A52CB6F0D40079785A /* PBXTargetDependency */,
			);
			fileSystemSynchronizedGroups = (
				A86B82A62CB6F0D40079785A /* SwiftUIMusicPlayerTests */,
			);
			name = SwiftUIMusicPlayerTests;
			packageProductDependencies = (
			);
			productName = SwiftUIMusicPlayerTests;
			productReference = A86B82A32CB6F0D40079785A /* SwiftUIMusicPlayerTests.xctest */;
			productType = "com.apple.product-type.bundle.unit-test";
		};
		A86B82AC2CB6F0D40079785A /* SwiftUIMusicPlayerUITests */ = {
			isa = PBXNativeTarget;
			buildConfigurationList = A86B82BD2CB6F0D40079785A /* Build configuration list for PBXNativeTarget "SwiftUIMusicPlayerUITests" */;
			buildPhases = (
				A86B82A92CB6F0D40079785A /* Sources */,
				A86B82AA2CB6F0D40079785A /* Frameworks */,
				A86B82AB2CB6F0D40079785A /* Resources */,
			);
			buildRules = (
			);
			dependencies = (
				A86B82AF2CB6F0D40079785A /* PBXTargetDependency */,
			);
			fileSystemSynchronizedGroups = (
				A86B82B02CB6F0D40079785A /* SwiftUIMusicPlayerUITests */,
			);
			name = SwiftUIMusicPlayerUITests;
			packageProductDependencies = (
			);
			productName = SwiftUIMusicPlayerUITests;
			productReference = A86B82AD2CB6F0D40079785A /* SwiftUIMusicPlayerUITests.xctest */;
			productType = "com.apple.product-type.bundle.ui-testing";
		};
/* End PBXNativeTarget section */

/* Begin PBXProject section */
		A86B828A2CB6F0D30079785A /* Project object */ = {
			isa = PBXProject;
			attributes = {
				BuildIndependentTargetsInParallel = 1;
				LastSwiftUpdateCheck = 1600;
				LastUpgradeCheck = 1600;
				TargetAttributes = {
					A86B82912CB6F0D30079785A = {
						CreatedOnToolsVersion = 16.0;
					};
					A86B82A22CB6F0D40079785A = {
						CreatedOnToolsVersion = 16.0;
						TestTargetID = A86B82912CB6F0D30079785A;
					};
					A86B82AC2CB6F0D40079785A = {
						CreatedOnToolsVersion = 16.0;
						TestTargetID = A86B82912CB6F0D30079785A;
					};
				};
			};
			buildConfigurationList = A86B828D2CB6F0D30079785A /* Build configuration list for PBXProject "SwiftUIMusicPlayer" */;
			developmentRegion = en;
			hasScannedForEncodings = 0;
			knownRegions = (
				en,
				Base,
			);
			mainGroup = A86B82892CB6F0D30079785A;
			minimizedProjectReferenceProxies = 1;
			packageReferences = (
				A85BDE742CB6F462004E58CD /* XCRemoteSwiftPackageReference "SwiftLint" */,
			);
			preferredProjectObjectVersion = 77;
			productRefGroup = A86B82932CB6F0D30079785A /* Products */;
			projectDirPath = "";
			projectRoot = "";
			targets = (
				A86B82912CB6F0D30079785A /* SwiftUIMusicPlayer */,
				A86B82A22CB6F0D40079785A /* SwiftUIMusicPlayerTests */,
				A86B82AC2CB6F0D40079785A /* SwiftUIMusicPlayerUITests */,
			);
		};
/* End PBXProject section */

/* Begin PBXResourcesBuildPhase section */
		A86B82902CB6F0D30079785A /* Resources */ = {
			isa = PBXResourcesBuildPhase;
			buildActionMask = 2147483647;
			files = (
				A8E33D472CB6F1D4000B53C6 /* README.md in Resources */,
				A8E33D482CB6F1D4000B53C6 /* LICENSE in Resources */,
				A8E33D492CB6F1D4000B53C6 /* .gitignore in Resources */,
				A8E33D4A2CB6F1D4000B53C6 /* .swiftlint.yml in Resources */,
			);
			runOnlyForDeploymentPostprocessing = 0;
		};
		A86B82A12CB6F0D40079785A /* Resources */ = {
			isa = PBXResourcesBuildPhase;
			buildActionMask = 2147483647;
			files = (
			);
			runOnlyForDeploymentPostprocessing = 0;
		};
		A86B82AB2CB6F0D40079785A /* Resources */ = {
			isa = PBXResourcesBuildPhase;
			buildActionMask = 2147483647;
			files = (
			);
			runOnlyForDeploymentPostprocessing = 0;
		};
/* End PBXResourcesBuildPhase section */

/* Begin PBXSourcesBuildPhase section */
		A86B828E2CB6F0D30079785A /* Sources */ = {
			isa = PBXSourcesBuildPhase;
			buildActionMask = 2147483647;
			files = (
			);
			runOnlyForDeploymentPostprocessing = 0;
		};
		A86B829F2CB6F0D40079785A /* Sources */ = {
			isa = PBXSourcesBuildPhase;
			buildActionMask = 2147483647;
			files = (
			);
			runOnlyForDeploymentPostprocessing = 0;
		};
		A86B82A92CB6F0D40079785A /* Sources */ = {
			isa = PBXSourcesBuildPhase;
			buildActionMask = 2147483647;
			files = (
			);
			runOnlyForDeploymentPostprocessing = 0;
		};
/* End PBXSourcesBuildPhase section */

/* Begin PBXTargetDependency section */
		A85BDE762CB6F482004E58CD /* PBXTargetDependency */ = {
			isa = PBXTargetDependency;
			productRef = A85BDE752CB6F482004E58CD /* SwiftLintBuildToolPlugin */;
		};
		A86B82A52CB6F0D40079785A /* PBXTargetDependency */ = {
			isa = PBXTargetDependency;
			target = A86B82912CB6F0D30079785A /* SwiftUIMusicPlayer */;
			targetProxy = A86B82A42CB6F0D40079785A /* PBXContainerItemProxy */;
		};
		A86B82AF2CB6F0D40079785A /* PBXTargetDependency */ = {
			isa = PBXTargetDependency;
			target = A86B82912CB6F0D30079785A /* SwiftUIMusicPlayer */;
			targetProxy = A86B82AE2CB6F0D40079785A /* PBXContainerItemProxy */;
		};
/* End PBXTargetDependency section */

/* Begin XCBuildConfiguration section */
		A86B82B52CB6F0D40079785A /* Debug */ = {
			isa = XCBuildConfiguration;
			buildSettings = {
				ALWAYS_SEARCH_USER_PATHS = NO;
				ASSETCATALOG_COMPILER_GENERATE_SWIFT_ASSET_SYMBOL_EXTENSIONS = YES;
				CLANG_ANALYZER_NONNULL = YES;
				CLANG_ANALYZER_NUMBER_OBJECT_CONVERSION = YES_AGGRESSIVE;
				CLANG_CXX_LANGUAGE_STANDARD = "gnu++20";
				CLANG_ENABLE_MODULES = YES;
				CLANG_ENABLE_OBJC_ARC = YES;
				CLANG_ENABLE_OBJC_WEAK = YES;
				CLANG_WARN_BLOCK_CAPTURE_AUTORELEASING = YES;
				CLANG_WARN_BOOL_CONVERSION = YES;
				CLANG_WARN_COMMA = YES;
				CLANG_WARN_CONSTANT_CONVERSION = YES;
				CLANG_WARN_DEPRECATED_OBJC_IMPLEMENTATIONS = YES;
				CLANG_WARN_DIRECT_OBJC_ISA_USAGE = YES_ERROR;
				CLANG_WARN_DOCUMENTATION_COMMENTS = YES;
				CLANG_WARN_EMPTY_BODY = YES;
				CLANG_WARN_ENUM_CONVERSION = YES;
				CLANG_WARN_INFINITE_RECURSION = YES;
				CLANG_WARN_INT_CONVERSION = YES;
				CLANG_WARN_NON_LITERAL_NULL_CONVERSION = YES;
				CLANG_WARN_OBJC_IMPLICIT_RETAIN_SELF = YES;
				CLANG_WARN_OBJC_LITERAL_CONVERSION = YES;
				CLANG_WARN_OBJC_ROOT_CLASS = YES_ERROR;
				CLANG_WARN_QUOTED_INCLUDE_IN_FRAMEWORK_HEADER = YES;
				CLANG_WARN_RANGE_LOOP_ANALYSIS = YES;
				CLANG_WARN_STRICT_PROTOTYPES = YES;
				CLANG_WARN_SUSPICIOUS_MOVE = YES;
				CLANG_WARN_UNGUARDED_AVAILABILITY = YES_AGGRESSIVE;
				CLANG_WARN_UNREACHABLE_CODE = YES;
				CLANG_WARN__DUPLICATE_METHOD_MATCH = YES;
				COPY_PHASE_STRIP = NO;
				DEBUG_INFORMATION_FORMAT = dwarf;
				ENABLE_STRICT_OBJC_MSGSEND = YES;
				ENABLE_TESTABILITY = YES;
				ENABLE_USER_SCRIPT_SANDBOXING = YES;
				GCC_C_LANGUAGE_STANDARD = gnu17;
				GCC_DYNAMIC_NO_PIC = NO;
				GCC_NO_COMMON_BLOCKS = YES;
				GCC_OPTIMIZATION_LEVEL = 0;
				GCC_PREPROCESSOR_DEFINITIONS = (
					"DEBUG=1",
					"$(inherited)",
				);
				GCC_WARN_64_TO_32_BIT_CONVERSION = YES;
				GCC_WARN_ABOUT_RETURN_TYPE = YES_ERROR;
				GCC_WARN_UNDECLARED_SELECTOR = YES;
				GCC_WARN_UNINITIALIZED_AUTOS = YES_AGGRESSIVE;
				GCC_WARN_UNUSED_FUNCTION = YES;
				GCC_WARN_UNUSED_VARIABLE = YES;
				LOCALIZATION_PREFERS_STRING_CATALOGS = YES;
				MTL_ENABLE_DEBUG_INFO = INCLUDE_SOURCE;
				MTL_FAST_MATH = YES;
				ONLY_ACTIVE_ARCH = YES;
				RUN_CLANG_STATIC_ANALYZER = YES;
				SWIFT_ACTIVE_COMPILATION_CONDITIONS = "DEBUG $(inherited)";
				SWIFT_OPTIMIZATION_LEVEL = "-Onone";
				SWIFT_VERSION = 6.0;
			};
			name = Debug;
		};
		A86B82B62CB6F0D40079785A /* Release */ = {
			isa = XCBuildConfiguration;
			buildSettings = {
				ALWAYS_SEARCH_USER_PATHS = NO;
				ASSETCATALOG_COMPILER_GENERATE_SWIFT_ASSET_SYMBOL_EXTENSIONS = YES;
				CLANG_ANALYZER_NONNULL = YES;
				CLANG_ANALYZER_NUMBER_OBJECT_CONVERSION = YES_AGGRESSIVE;
				CLANG_CXX_LANGUAGE_STANDARD = "gnu++20";
				CLANG_ENABLE_MODULES = YES;
				CLANG_ENABLE_OBJC_ARC = YES;
				CLANG_ENABLE_OBJC_WEAK = YES;
				CLANG_WARN_BLOCK_CAPTURE_AUTORELEASING = YES;
				CLANG_WARN_BOOL_CONVERSION = YES;
				CLANG_WARN_COMMA = YES;
				CLANG_WARN_CONSTANT_CONVERSION = YES;
				CLANG_WARN_DEPRECATED_OBJC_IMPLEMENTATIONS = YES;
				CLANG_WARN_DIRECT_OBJC_ISA_USAGE = YES_ERROR;
				CLANG_WARN_DOCUMENTATION_COMMENTS = YES;
				CLANG_WARN_EMPTY_BODY = YES;
				CLANG_WARN_ENUM_CONVERSION = YES;
				CLANG_WARN_INFINITE_RECURSION = YES;
				CLANG_WARN_INT_CONVERSION = YES;
				CLANG_WARN_NON_LITERAL_NULL_CONVERSION = YES;
				CLANG_WARN_OBJC_IMPLICIT_RETAIN_SELF = YES;
				CLANG_WARN_OBJC_LITERAL_CONVERSION = YES;
				CLANG_WARN_OBJC_ROOT_CLASS = YES_ERROR;
				CLANG_WARN_QUOTED_INCLUDE_IN_FRAMEWORK_HEADER = YES;
				CLANG_WARN_RANGE_LOOP_ANALYSIS = YES;
				CLANG_WARN_STRICT_PROTOTYPES = YES;
				CLANG_WARN_SUSPICIOUS_MOVE = YES;
				CLANG_WARN_UNGUARDED_AVAILABILITY = YES_AGGRESSIVE;
				CLANG_WARN_UNREACHABLE_CODE = YES;
				CLANG_WARN__DUPLICATE_METHOD_MATCH = YES;
				COPY_PHASE_STRIP = NO;
				DEBUG_INFORMATION_FORMAT = "dwarf-with-dsym";
				ENABLE_NS_ASSERTIONS = NO;
				ENABLE_STRICT_OBJC_MSGSEND = YES;
				ENABLE_USER_SCRIPT_SANDBOXING = YES;
				GCC_C_LANGUAGE_STANDARD = gnu17;
				GCC_NO_COMMON_BLOCKS = YES;
				GCC_WARN_64_TO_32_BIT_CONVERSION = YES;
				GCC_WARN_ABOUT_RETURN_TYPE = YES_ERROR;
				GCC_WARN_UNDECLARED_SELECTOR = YES;
				GCC_WARN_UNINITIALIZED_AUTOS = YES_AGGRESSIVE;
				GCC_WARN_UNUSED_FUNCTION = YES;
				GCC_WARN_UNUSED_VARIABLE = YES;
				LOCALIZATION_PREFERS_STRING_CATALOGS = YES;
				MTL_ENABLE_DEBUG_INFO = NO;
				MTL_FAST_MATH = YES;
				RUN_CLANG_STATIC_ANALYZER = YES;
				SWIFT_COMPILATION_MODE = wholemodule;
				SWIFT_VERSION = 6.0;
			};
			name = Release;
		};
		A86B82B82CB6F0D40079785A /* Debug */ = {
			isa = XCBuildConfiguration;
			buildSettings = {
				ASSETCATALOG_COMPILER_APPICON_NAME = AppIcon;
				ASSETCATALOG_COMPILER_GLOBAL_ACCENT_COLOR_NAME = AccentColor;
				CODE_SIGN_ENTITLEMENTS = SwiftUIMusicPlayer/SwiftUIMusicPlayer.entitlements;
				CODE_SIGN_STYLE = Automatic;
				CURRENT_PROJECT_VERSION = 1;
				DEVELOPMENT_ASSET_PATHS = "\"SwiftUIMusicPlayer/Preview Content\"";
				DEVELOPMENT_TEAM = LA5247PXS2;
				ENABLE_HARDENED_RUNTIME = YES;
				ENABLE_PREVIEWS = YES;
				GENERATE_INFOPLIST_FILE = YES;
				INFOPLIST_FILE = SwiftUIMusicPlayer/Info.plist;
				"INFOPLIST_KEY_UIApplicationSceneManifest_Generation[sdk=iphoneos*]" = YES;
				"INFOPLIST_KEY_UIApplicationSceneManifest_Generation[sdk=iphonesimulator*]" = YES;
				"INFOPLIST_KEY_UIApplicationSupportsIndirectInputEvents[sdk=iphoneos*]" = YES;
				"INFOPLIST_KEY_UIApplicationSupportsIndirectInputEvents[sdk=iphonesimulator*]" = YES;
				"INFOPLIST_KEY_UILaunchScreen_Generation[sdk=iphoneos*]" = YES;
				"INFOPLIST_KEY_UILaunchScreen_Generation[sdk=iphonesimulator*]" = YES;
				"INFOPLIST_KEY_UIStatusBarStyle[sdk=iphoneos*]" = UIStatusBarStyleDefault;
				"INFOPLIST_KEY_UIStatusBarStyle[sdk=iphonesimulator*]" = UIStatusBarStyleDefault;
				INFOPLIST_KEY_UISupportedInterfaceOrientations_iPad = "UIInterfaceOrientationPortrait UIInterfaceOrientationPortraitUpsideDown UIInterfaceOrientationLandscapeLeft UIInterfaceOrientationLandscapeRight";
				INFOPLIST_KEY_UISupportedInterfaceOrientations_iPhone = "UIInterfaceOrientationPortrait UIInterfaceOrientationLandscapeLeft UIInterfaceOrientationLandscapeRight";
				IPHONEOS_DEPLOYMENT_TARGET = 16.0;
				LD_RUNPATH_SEARCH_PATHS = "@executable_path/Frameworks";
				"LD_RUNPATH_SEARCH_PATHS[sdk=macosx*]" = "@executable_path/../Frameworks";
				MACOSX_DEPLOYMENT_TARGET = 13.0;
				MARKETING_VERSION = 1.0;
				PRODUCT_BUNDLE_IDENTIFIER = me.curia.SwiftUIMusicPlayer;
				PRODUCT_NAME = "$(TARGET_NAME)";
				SDKROOT = auto;
				SUPPORTED_PLATFORMS = "iphoneos iphonesimulator macosx xros xrsimulator";
				SWIFT_EMIT_LOC_STRINGS = YES;
				SWIFT_VERSION = 5.0;
				TARGETED_DEVICE_FAMILY = "1,2,7";
				XROS_DEPLOYMENT_TARGET = 1.0;
			};
			name = Debug;
		};
		A86B82B92CB6F0D40079785A /* Release */ = {
			isa = XCBuildConfiguration;
			buildSettings = {
				ASSETCATALOG_COMPILER_APPICON_NAME = AppIcon;
				ASSETCATALOG_COMPILER_GLOBAL_ACCENT_COLOR_NAME = AccentColor;
				CODE_SIGN_ENTITLEMENTS = SwiftUIMusicPlayer/SwiftUIMusicPlayer.entitlements;
				CODE_SIGN_STYLE = Automatic;
				CURRENT_PROJECT_VERSION = 1;
				DEVELOPMENT_ASSET_PATHS = "\"SwiftUIMusicPlayer/Preview Content\"";
				DEVELOPMENT_TEAM = LA5247PXS2;
				ENABLE_HARDENED_RUNTIME = YES;
				ENABLE_PREVIEWS = YES;
				GENERATE_INFOPLIST_FILE = YES;
				INFOPLIST_FILE = SwiftUIMusicPlayer/Info.plist;
				"INFOPLIST_KEY_UIApplicationSceneManifest_Generation[sdk=iphoneos*]" = YES;
				"INFOPLIST_KEY_UIApplicationSceneManifest_Generation[sdk=iphonesimulator*]" = YES;
				"INFOPLIST_KEY_UIApplicationSupportsIndirectInputEvents[sdk=iphoneos*]" = YES;
				"INFOPLIST_KEY_UIApplicationSupportsIndirectInputEvents[sdk=iphonesimulator*]" = YES;
				"INFOPLIST_KEY_UILaunchScreen_Generation[sdk=iphoneos*]" = YES;
				"INFOPLIST_KEY_UILaunchScreen_Generation[sdk=iphonesimulator*]" = YES;
				"INFOPLIST_KEY_UIStatusBarStyle[sdk=iphoneos*]" = UIStatusBarStyleDefault;
				"INFOPLIST_KEY_UIStatusBarStyle[sdk=iphonesimulator*]" = UIStatusBarStyleDefault;
				INFOPLIST_KEY_UISupportedInterfaceOrientations_iPad = "UIInterfaceOrientationPortrait UIInterfaceOrientationPortraitUpsideDown UIInterfaceOrientationLandscapeLeft UIInterfaceOrientationLandscapeRight";
				INFOPLIST_KEY_UISupportedInterfaceOrientations_iPhone = "UIInterfaceOrientationPortrait UIInterfaceOrientationLandscapeLeft UIInterfaceOrientationLandscapeRight";
				IPHONEOS_DEPLOYMENT_TARGET = 16.0;
				LD_RUNPATH_SEARCH_PATHS = "@executable_path/Frameworks";
				"LD_RUNPATH_SEARCH_PATHS[sdk=macosx*]" = "@executable_path/../Frameworks";
				MACOSX_DEPLOYMENT_TARGET = 13.0;
				MARKETING_VERSION = 1.0;
				PRODUCT_BUNDLE_IDENTIFIER = me.curia.SwiftUIMusicPlayer;
				PRODUCT_NAME = "$(TARGET_NAME)";
				SDKROOT = auto;
				SUPPORTED_PLATFORMS = "iphoneos iphonesimulator macosx xros xrsimulator";
				SWIFT_EMIT_LOC_STRINGS = YES;
				SWIFT_VERSION = 5.0;
				TARGETED_DEVICE_FAMILY = "1,2,7";
				XROS_DEPLOYMENT_TARGET = 1.0;
			};
			name = Release;
		};
		A86B82BB2CB6F0D40079785A /* Debug */ = {
			isa = XCBuildConfiguration;
			buildSettings = {
				BUNDLE_LOADER = "$(TEST_HOST)";
				CODE_SIGN_STYLE = Automatic;
				CURRENT_PROJECT_VERSION = 1;
				DEVELOPMENT_TEAM = LA5247PXS2;
				GENERATE_INFOPLIST_FILE = YES;
				IPHONEOS_DEPLOYMENT_TARGET = 18.0;
				MACOSX_DEPLOYMENT_TARGET = 15.0;
				MARKETING_VERSION = 1.0;
				PRODUCT_BUNDLE_IDENTIFIER = me.curia.SwiftUIMusicPlayerTests;
				PRODUCT_NAME = "$(TARGET_NAME)";
				SDKROOT = auto;
				SUPPORTED_PLATFORMS = "iphoneos iphonesimulator macosx xros xrsimulator";
				SWIFT_EMIT_LOC_STRINGS = NO;
				SWIFT_VERSION = 5.0;
				TARGETED_DEVICE_FAMILY = "1,2,7";
				TEST_HOST = "$(BUILT_PRODUCTS_DIR)/SwiftUIMusicPlayer.app/$(BUNDLE_EXECUTABLE_FOLDER_PATH)/SwiftUIMusicPlayer";
				XROS_DEPLOYMENT_TARGET = 2.0;
			};
			name = Debug;
		};
		A86B82BC2CB6F0D40079785A /* Release */ = {
			isa = XCBuildConfiguration;
			buildSettings = {
				BUNDLE_LOADER = "$(TEST_HOST)";
				CODE_SIGN_STYLE = Automatic;
				CURRENT_PROJECT_VERSION = 1;
				DEVELOPMENT_TEAM = LA5247PXS2;
				GENERATE_INFOPLIST_FILE = YES;
				IPHONEOS_DEPLOYMENT_TARGET = 18.0;
				MACOSX_DEPLOYMENT_TARGET = 15.0;
				MARKETING_VERSION = 1.0;
				PRODUCT_BUNDLE_IDENTIFIER = me.curia.SwiftUIMusicPlayerTests;
				PRODUCT_NAME = "$(TARGET_NAME)";
				SDKROOT = auto;
				SUPPORTED_PLATFORMS = "iphoneos iphonesimulator macosx xros xrsimulator";
				SWIFT_EMIT_LOC_STRINGS = NO;
				SWIFT_VERSION = 5.0;
				TARGETED_DEVICE_FAMILY = "1,2,7";
				TEST_HOST = "$(BUILT_PRODUCTS_DIR)/SwiftUIMusicPlayer.app/$(BUNDLE_EXECUTABLE_FOLDER_PATH)/SwiftUIMusicPlayer";
				XROS_DEPLOYMENT_TARGET = 2.0;
			};
			name = Release;
		};
		A86B82BE2CB6F0D40079785A /* Debug */ = {
			isa = XCBuildConfiguration;
			buildSettings = {
				CODE_SIGN_STYLE = Automatic;
				CURRENT_PROJECT_VERSION = 1;
				DEVELOPMENT_TEAM = LA5247PXS2;
				GENERATE_INFOPLIST_FILE = YES;
				IPHONEOS_DEPLOYMENT_TARGET = 18.0;
				MACOSX_DEPLOYMENT_TARGET = 15.0;
				MARKETING_VERSION = 1.0;
				PRODUCT_BUNDLE_IDENTIFIER = me.curia.SwiftUIMusicPlayerUITests;
				PRODUCT_NAME = "$(TARGET_NAME)";
				SDKROOT = auto;
				SUPPORTED_PLATFORMS = "iphoneos iphonesimulator macosx xros xrsimulator";
				SWIFT_EMIT_LOC_STRINGS = NO;
				SWIFT_VERSION = 5.0;
				TARGETED_DEVICE_FAMILY = "1,2,7";
				TEST_TARGET_NAME = SwiftUIMusicPlayer;
				XROS_DEPLOYMENT_TARGET = 2.0;
			};
			name = Debug;
		};
		A86B82BF2CB6F0D40079785A /* Release */ = {
			isa = XCBuildConfiguration;
			buildSettings = {
				CODE_SIGN_STYLE = Automatic;
				CURRENT_PROJECT_VERSION = 1;
				DEVELOPMENT_TEAM = LA5247PXS2;
				GENERATE_INFOPLIST_FILE = YES;
				IPHONEOS_DEPLOYMENT_TARGET = 18.0;
				MACOSX_DEPLOYMENT_TARGET = 15.0;
				MARKETING_VERSION = 1.0;
				PRODUCT_BUNDLE_IDENTIFIER = me.curia.SwiftUIMusicPlayerUITests;
				PRODUCT_NAME = "$(TARGET_NAME)";
				SDKROOT = auto;
				SUPPORTED_PLATFORMS = "iphoneos iphonesimulator macosx xros xrsimulator";
				SWIFT_EMIT_LOC_STRINGS = NO;
				SWIFT_VERSION = 5.0;
				TARGETED_DEVICE_FAMILY = "1,2,7";
				TEST_TARGET_NAME = SwiftUIMusicPlayer;
				XROS_DEPLOYMENT_TARGET = 2.0;
			};
			name = Release;
		};
/* End XCBuildConfiguration section */

/* Begin XCConfigurationList section */
		A86B828D2CB6F0D30079785A /* Build configuration list for PBXProject "SwiftUIMusicPlayer" */ = {
			isa = XCConfigurationList;
			buildConfigurations = (
				A86B82B52CB6F0D40079785A /* Debug */,
				A86B82B62CB6F0D40079785A /* Release */,
			);
			defaultConfigurationIsVisible = 0;
			defaultConfigurationName = Release;
		};
		A86B82B72CB6F0D40079785A /* Build configuration list for PBXNativeTarget "SwiftUIMusicPlayer" */ = {
			isa = XCConfigurationList;
			buildConfigurations = (
				A86B82B82CB6F0D40079785A /* Debug */,
				A86B82B92CB6F0D40079785A /* Release */,
			);
			defaultConfigurationIsVisible = 0;
			defaultConfigurationName = Release;
		};
		A86B82BA2CB6F0D40079785A /* Build configuration list for PBXNativeTarget "SwiftUIMusicPlayerTests" */ = {
			isa = XCConfigurationList;
			buildConfigurations = (
				A86B82BB2CB6F0D40079785A /* Debug */,
				A86B82BC2CB6F0D40079785A /* Release */,
			);
			defaultConfigurationIsVisible = 0;
			defaultConfigurationName = Release;
		};
		A86B82BD2CB6F0D40079785A /* Build configuration list for PBXNativeTarget "SwiftUIMusicPlayerUITests" */ = {
			isa = XCConfigurationList;
			buildConfigurations = (
				A86B82BE2CB6F0D40079785A /* Debug */,
				A86B82BF2CB6F0D40079785A /* Release */,
			);
			defaultConfigurationIsVisible = 0;
			defaultConfigurationName = Release;
		};
/* End XCConfigurationList section */

/* Begin XCRemoteSwiftPackageReference section */
		A85BDE742CB6F462004E58CD /* XCRemoteSwiftPackageReference "SwiftLint" */ = {
			isa = XCRemoteSwiftPackageReference;
			repositoryURL = "https://github.com/realm/SwiftLint";
			requirement = {
				kind = upToNextMajorVersion;
				minimumVersion = 0.57.0;
			};
		};
/* End XCRemoteSwiftPackageReference section */

/* Begin XCSwiftPackageProductDependency section */
		A85BDE752CB6F482004E58CD /* SwiftLintBuildToolPlugin */ = {
			isa = XCSwiftPackageProductDependency;
			package = A85BDE742CB6F462004E58CD /* XCRemoteSwiftPackageReference "SwiftLint" */;
			productName = "plugin:SwiftLintBuildToolPlugin";
		};
/* End XCSwiftPackageProductDependency section */
	};
	rootObject = A86B828A2CB6F0D30079785A /* Project object */;
}
